
Microsoft Visual Studio Solution File, Format Version 12.00
# Visual Studio Version 17
VisualStudioVersion = 17.14.36127.28 d17.14
MinimumVisualStudioVersion = 10.0.40219.1
Project("{FAE04EC0-301F-11D3-BF4B-00C04F79EFBC}") = "Customo.Api", "Customo.Api.csproj", "{9D3903B6-0761-A0E0-913D-00E84729E5BC}"
EndProject
Global
	GlobalSection(SolutionConfigurationPlatforms) = preSolution
		Debug|Any CPU = Debug|Any CPU
		Release|Any CPU = Release|Any CPU
	EndGlobalSection
	GlobalSection(ProjectConfigurationPlatforms) = postSolution
		{9D3903B6-0761-A0E0-913D-00E84729E5BC}.Debug|Any CPU.ActiveCfg = Debug|Any CPU
		{9D3903B6-0761-A0E0-913D-00E84729E5BC}.Debug|Any CPU.Build.0 = Debug|Any CPU
		{9D3903B6-0761-A0E0-913D-00E84729E5BC}.Release|Any CPU.ActiveCfg = Release|Any CPU
		{9D3903B6-0761-A0E0-913D-00E84729E5BC}.Release|Any CPU.Build.0 = Release|Any CPU
	EndGlobalSection
	GlobalSection(SolutionProperties) = preSolution
		HideSolutionNode = FALSE
	EndGlobalSection
	GlobalSection(ExtensibilityGlobals) = postSolution
		SolutionGuid = {61800523-C0D5-412F-B138-406C2F2760CC}
	EndGlobalSection
EndGlobal
